// !$*UTF8*$!
{
	archiveVersion = 1;
	classes = {
	};
	objectVersion = 46;
	objects = {

/* Begin PBXBuildFile section */
		8428966E19E7C9FD00968CCB /* main.m in Sources */ = {isa = PBXBuildFile; fileRef = 8428966D19E7C9FD00968CCB /* main.m */; };
		8428967119E7C9FD00968CCB /* AppDelegate.m in Sources */ = {isa = PBXBuildFile; fileRef = 8428967019E7C9FD00968CCB /* AppDelegate.m */; };
		8428967419E7C9FD00968CCB /* ViewController.m in Sources */ = {isa = PBXBuildFile; fileRef = 8428967319E7C9FD00968CCB /* ViewController.m */; };
		8428967719E7C9FD00968CCB /* Main.storyboard in Resources */ = {isa = PBXBuildFile; fileRef = 8428967519E7C9FD00968CCB /* Main.storyboard */; };
		8428967919E7C9FD00968CCB /* Images.xcassets in Resources */ = {isa = PBXBuildFile; fileRef = 8428967819E7C9FD00968CCB /* Images.xcassets */; };
		8428967C19E7C9FD00968CCB /* LaunchScreen.xib in Resources */ = {isa = PBXBuildFile; fileRef = 8428967A19E7C9FD00968CCB /* LaunchScreen.xib */; };
		8428968819E7C9FD00968CCB /* OS1Tests.m in Sources */ = {isa = PBXBuildFile; fileRef = 8428968719E7C9FD00968CCB /* OS1Tests.m */; };
/* End PBXBuildFile section */

/* Begin PBXContainerItemProxy section */
		8428968219E7C9FD00968CCB /* PBXContainerItemProxy */ = {
			isa = PBXContainerItemProxy;
			containerPortal = 8428966019E7C9FD00968CCB /* Project object */;
			proxyType = 1;
			remoteGlobalIDString = 8428966719E7C9FD00968CCB;
			remoteInfo = OS1;
		};
/* End PBXContainerItemProxy section */

/* Begin PBXFileReference section */
		8428966819E7C9FD00968CCB /* OS1.app */ = {isa = PBXFileReference; explicitFileType = wrapper.application; includeInIndex = 0; path = OS1.app; sourceTree = BUILT_PRODUCTS_DIR; };
		8428966C19E7C9FD00968CCB /* Info.plist */ = {isa = PBXFileReference; lastKnownFileType = text.plist.xml; path = Info.plist; sourceTree = "<group>"; };
		8428966D19E7C9FD00968CCB /* main.m */ = {isa = PBXFileReference; lastKnownFileType = sourcecode.c.objc; path = main.m; sourceTree = "<group>"; };
		8428966F19E7C9FD00968CCB /* AppDelegate.h */ = {isa = PBXFileReference; lastKnownFileType = sourcecode.c.h; path = AppDelegate.h; sourceTree = "<group>"; };
		8428967019E7C9FD00968CCB /* AppDelegate.m */ = {isa = PBXFileReference; lastKnownFileType = sourcecode.c.objc; path = AppDelegate.m; sourceTree = "<group>"; };
		8428967219E7C9FD00968CCB /* ViewController.h */ = {isa = PBXFileReference; lastKnownFileType = sourcecode.c.h; path = ViewController.h; sourceTree = "<group>"; };
		8428967319E7C9FD00968CCB /* ViewController.m */ = {isa = PBXFileReference; lastKnownFileType = sourcecode.c.objc; path = ViewController.m; sourceTree = "<group>"; };
		8428967619E7C9FD00968CCB /* Base */ = {isa = PBXFileReference; lastKnownFileType = file.storyboard; name = Base; path = Base.lproj/Main.storyboard; sourceTree = "<group>"; };
		8428967819E7C9FD00968CCB /* Images.xcassets */ = {isa = PBXFileReference; lastKnownFileType = folder.assetcatalog; path = Images.xcassets; sourceTree = "<group>"; };
		8428967B19E7C9FD00968CCB /* Base */ = {isa = PBXFileReference; lastKnownFileType = file.xib; name = Base; path = Base.lproj/LaunchScreen.xib; sourceTree = "<group>"; };
		8428968119E7C9FD00968CCB /* OS1Tests.xctest */ = {isa = PBXFileReference; explicitFileType = wrapper.cfbundle; includeInIndex = 0; path = OS1Tests.xctest; sourceTree = BUILT_PRODUCTS_DIR; };
		8428968619E7C9FD00968CCB /* Info.plist */ = {isa = PBXFileReference; lastKnownFileType = text.plist.xml; path = Info.plist; sourceTree = "<group>"; };
		8428968719E7C9FD00968CCB /* OS1Tests.m */ = {isa = PBXFileReference; lastKnownFileType = sourcecode.c.objc; path = OS1Tests.m; sourceTree = "<group>"; };
/* End PBXFileReference section */

/* Begin PBXFrameworksBuildPhase section */
		8428966519E7C9FD00968CCB /* Frameworks */ = {
			isa = PBXFrameworksBuildPhase;
			buildActionMask = 2147483647;
			files = (
			);
			runOnlyForDeploymentPostprocessing = 0;
		};
		8428967E19E7C9FD00968CCB /* Frameworks */ = {
			isa = PBXFrameworksBuildPhase;
			buildActionMask = 2147483647;
			files = (
			);
			runOnlyForDeploymentPostprocessing = 0;
		};
/* End PBXFrameworksBuildPhase section */

/* Begin PBXGroup section */
		8428965F19E7C9FD00968CCB = {
			isa = PBXGroup;
			children = (
				8428966A19E7C9FD00968CCB /* OS1 */,
				8428968419E7C9FD00968CCB /* OS1Tests */,
				8428966919E7C9FD00968CCB /* Products */,
			);
			sourceTree = "<group>";
		};
		8428966919E7C9FD00968CCB /* Products */ = {
			isa = PBXGroup;
			children = (
				8428966819E7C9FD00968CCB /* OS1.app */,
				8428968119E7C9FD00968CCB /* OS1Tests.xctest */,
			);
			name = Products;
			sourceTree = "<group>";
		};
		8428966A19E7C9FD00968CCB /* OS1 */ = {
			isa = PBXGroup;
			children = (
				8428966F19E7C9FD00968CCB /* AppDelegate.h */,
				8428967019E7C9FD00968CCB /* AppDelegate.m */,
				8428967219E7C9FD00968CCB /* ViewController.h */,
				8428967319E7C9FD00968CCB /* ViewController.m */,
				8428967519E7C9FD00968CCB /* Main.storyboard */,
				8428967819E7C9FD00968CCB /* Images.xcassets */,
				8428967A19E7C9FD00968CCB /* LaunchScreen.xib */,
				8428966B19E7C9FD00968CCB /* Supporting Files */,
			);
			path = OS1;
			sourceTree = "<group>";
		};
		8428966B19E7C9FD00968CCB /* Supporting Files */ = {
			isa = PBXGroup;
			children = (
				8428966C19E7C9FD00968CCB /* Info.plist */,
				8428966D19E7C9FD00968CCB /* main.m */,
			);
			name = "Supporting Files";
			sourceTree = "<group>";
		};
		8428968419E7C9FD00968CCB /* OS1Tests */ = {
			isa = PBXGroup;
			children = (
				8428968719E7C9FD00968CCB /* OS1Tests.m */,
				8428968519E7C9FD00968CCB /* Supporting Files */,
			);
			path = OS1Tests;
			sourceTree = "<group>";
		};
		8428968519E7C9FD00968CCB /* Supporting Files */ = {
			isa = PBXGroup;
			children = (
				8428968619E7C9FD00968CCB /* Info.plist */,
			);
			name = "Supporting Files";
			sourceTree = "<group>";
		};
/* End PBXGroup section */

/* Begin PBXNativeTarget section */
		8428966719E7C9FD00968CCB /* OS1 */ = {
			isa = PBXNativeTarget;
			buildConfigurationList = 8428968B19E7C9FD00968CCB /* Build configuration list for PBXNativeTarget "OS1" */;
			buildPhases = (
				8428966419E7C9FD00968CCB /* Sources */,
				8428966519E7C9FD00968CCB /* Frameworks */,
				8428966619E7C9FD00968CCB /* Resources */,
			);
			buildRules = (
			);
			dependencies = (
			);
			name = OS1;
			productName = OS1;
			productReference = 8428966819E7C9FD00968CCB /* OS1.app */;
			productType = "com.apple.product-type.application";
		};
		8428968019E7C9FD00968CCB /* OS1Tests */ = {
			isa = PBXNativeTarget;
			buildConfigurationList = 8428968E19E7C9FD00968CCB /* Build configuration list for PBXNativeTarget "OS1Tests" */;
			buildPhases = (
				8428967D19E7C9FD00968CCB /* Sources */,
				8428967E19E7C9FD00968CCB /* Frameworks */,
				8428967F19E7C9FD00968CCB /* Resources */,
			);
			buildRules = (
			);
			dependencies = (
				8428968319E7C9FD00968CCB /* PBXTargetDependency */,
			);
			name = OS1Tests;
			productName = OS1Tests;
			productReference = 8428968119E7C9FD00968CCB /* OS1Tests.xctest */;
			productType = "com.apple.product-type.bundle.unit-test";
		};
/* End PBXNativeTarget section */

/* Begin PBXProject section */
		8428966019E7C9FD00968CCB /* Project object */ = {
			isa = PBXProject;
			attributes = {
				LastUpgradeCheck = 0600;
				ORGANIZATIONNAME = Soult;
				TargetAttributes = {
					8428966719E7C9FD00968CCB = {
						CreatedOnToolsVersion = 6.0.1;
					};
					8428968019E7C9FD00968CCB = {
						CreatedOnToolsVersion = 6.0.1;
						TestTargetID = 8428966719E7C9FD00968CCB;
					};
				};
			};
			buildConfigurationList = 8428966319E7C9FD00968CCB /* Build configuration list for PBXProject "OS1" */;
			compatibilityVersion = "Xcode 3.2";
			developmentRegion = English;
			hasScannedForEncodings = 0;
			knownRegions = (
				en,
				Base,
			);
			mainGroup = 8428965F19E7C9FD00968CCB;
			productRefGroup = 8428966919E7C9FD00968CCB /* Products */;
			projectDirPath = "";
			projectRoot = "";
			targets = (
				8428966719E7C9FD00968CCB /* OS1 */,
				8428968019E7C9FD00968CCB /* OS1Tests */,
			);
		};
/* End PBXProject section */

/* Begin PBXResourcesBuildPhase section */
		8428966619E7C9FD00968CCB /* Resources */ = {
			isa = PBXResourcesBuildPhase;
			buildActionMask = 2147483647;
			files = (
				8428967719E7C9FD00968CCB /* Main.storyboard in Resources */,
				8428967C19E7C9FD00968CCB /* LaunchScreen.xib in Resources */,
				8428967919E7C9FD00968CCB /* Images.xcassets in Resources */,
			);
			runOnlyForDeploymentPostprocessing = 0;
		};
		8428967F19E7C9FD00968CCB /* Resources */ = {
			isa = PBXResourcesBuildPhase;
			buildActionMask = 2147483647;
			files = (
			);
			runOnlyForDeploymentPostprocessing = 0;
		};
/* End PBXResourcesBuildPhase section */

/* Begin PBXSourcesBuildPhase section */
		8428966419E7C9FD00968CCB /* Sources */ = {
			isa = PBXSourcesBuildPhase;
			buildActionMask = 2147483647;
			files = (
				8428967419E7C9FD00968CCB /* ViewController.m in Sources */,
				8428967119E7C9FD00968CCB /* AppDelegate.m in Sources */,
				8428966E19E7C9FD00968CCB /* main.m in Sources */,
			);
			runOnlyForDeploymentPostprocessing = 0;
		};
		8428967D19E7C9FD00968CCB /* Sources */ = {
			isa = PBXSourcesBuildPhase;
			buildActionMask = 2147483647;
			files = (
				8428968819E7C9FD00968CCB /* OS1Tests.m in Sources */,
			);
			runOnlyForDeploymentPostprocessing = 0;
		};
/* End PBXSourcesBuildPhase section */

/* Begin PBXTargetDependency section */
		8428968319E7C9FD00968CCB /* PBXTargetDependency */ = {
			isa = PBXTargetDependency;
			target = 8428966719E7C9FD00968CCB /* OS1 */;
			targetProxy = 8428968219E7C9FD00968CCB /* PBXContainerItemProxy */;
		};
/* End PBXTargetDependency section */

/* Begin PBXVariantGroup section */
		8428967519E7C9FD00968CCB /* Main.storyboard */ = {
			isa = PBXVariantGroup;
			children = (
				8428967619E7C9FD00968CCB /* Base */,
			);
			name = Main.storyboard;
			sourceTree = "<group>";
		};
		8428967A19E7C9FD00968CCB /* LaunchScreen.xib */ = {
			isa = PBXVariantGroup;
			children = (
				8428967B19E7C9FD00968CCB /* Base */,
			);
			name = LaunchScreen.xib;
			sourceTree = "<group>";
		};
/* End PBXVariantGroup section */

/* Begin XCBuildConfiguration section */
		8428968919E7C9FD00968CCB /* Debug */ = {
			isa = XCBuildConfiguration;
			buildSettings = {
				ALWAYS_SEARCH_USER_PATHS = NO;
				CLANG_CXX_LANGUAGE_STANDARD = "gnu++0x";
				CLANG_CXX_LIBRARY = "libc++";
				CLANG_ENABLE_MODULES = YES;
				CLANG_ENABLE_OBJC_ARC = YES;
				CLANG_WARN_BOOL_CONVERSION = YES;
				CLANG_WARN_CONSTANT_CONVERSION = YES;
				CLANG_WARN_DIRECT_OBJC_ISA_USAGE = YES_ERROR;
				CLANG_WARN_EMPTY_BODY = YES;
				CLANG_WARN_ENUM_CONVERSION = YES;
				CLANG_WARN_INT_CONVERSION = YES;
				CLANG_WARN_OBJC_ROOT_CLASS = YES_ERROR;
				CLANG_WARN_UNREACHABLE_CODE = YES;
				CLANG_WARN__DUPLICATE_METHOD_MATCH = YES;
				"CODE_SIGN_IDENTITY[sdk=iphoneos*]" = "iPhone Developer";
				COPY_PHASE_STRIP = NO;
				ENABLE_STRICT_OBJC_MSGSEND = YES;
				GCC_C_LANGUAGE_STANDARD = gnu99;
				GCC_DYNAMIC_NO_PIC = NO;
				GCC_OPTIMIZATION_LEVEL = 0;
				GCC_PREPROCESSOR_DEFINITIONS = (
					"DEBUG=1",
					"$(inherited)",
				);
				GCC_SYMBOLS_PRIVATE_EXTERN = NO;
				GCC_WARN_64_TO_32_BIT_CONVERSION = YES;
				GCC_WARN_ABOUT_RETURN_TYPE = YES_ERROR;
				GCC_WARN_UNDECLARED_SELECTOR = YES;
				GCC_WARN_UNINITIALIZED_AUTOS = YES_AGGRESSIVE;
				GCC_WARN_UNUSED_FUNCTION = YES;
				GCC_WARN_UNUSED_VARIABLE = YES;
				IPHONEOS_DEPLOYMENT_TARGET = 8.0;
				MTL_ENABLE_DEBUG_INFO = YES;
				ONLY_ACTIVE_ARCH = YES;
				SDKROOT = iphoneos;
			};
			name = Debug;
		};
		8428968A19E7C9FD00968CCB /* Release */ = {
			isa = XCBuildConfiguration;
			buildSettings = {
				ALWAYS_SEARCH_USER_PATHS = NO;
				CLANG_CXX_LANGUAGE_STANDARD = "gnu++0x";
				CLANG_CXX_LIBRARY = "libc++";
				CLANG_ENABLE_MODULES = YES;
				CLANG_ENABLE_OBJC_ARC = YES;
				CLANG_WARN_BOOL_CONVERSION = YES;
				CLANG_WARN_CONSTANT_CONVERSION = YES;
				CLANG_WARN_DIRECT_OBJC_ISA_USAGE = YES_ERROR;
				CLANG_WARN_EMPTY_BODY = YES;
				CLANG_WARN_ENUM_CONVERSION = YES;
				CLANG_WARN_INT_CONVERSION = YES;
				CLANG_WARN_OBJC_ROOT_CLASS = YES_ERROR;
				CLANG_WARN_UNREACHABLE_CODE = YES;
				CLANG_WARN__DUPLICATE_METHOD_MATCH = YES;
				"CODE_SIGN_IDENTITY[sdk=iphoneos*]" = "iPhone Developer";
				COPY_PHASE_STRIP = YES;
				ENABLE_NS_ASSERTIONS = NO;
				ENABLE_STRICT_OBJC_MSGSEND = YES;
				GCC_C_LANGUAGE_STANDARD = gnu99;
				GCC_WARN_64_TO_32_BIT_CONVERSION = YES;
				GCC_WARN_ABOUT_RETURN_TYPE = YES_ERROR;
				GCC_WARN_UNDECLARED_SELECTOR = YES;
				GCC_WARN_UNINITIALIZED_AUTOS = YES_AGGRESSIVE;
				GCC_WARN_UNUSED_FUNCTION = YES;
				GCC_WARN_UNUSED_VARIABLE = YES;
				IPHONEOS_DEPLOYMENT_TARGET = 8.0;
				MTL_ENABLE_DEBUG_INFO = NO;
				SDKROOT = iphoneos;
				VALIDATE_PRODUCT = YES;
			};
			name = Release;
		};
		8428968C19E7C9FD00968CCB /* Debug */ = {
			isa = XCBuildConfiguration;
			buildSettings = {
				ASSETCATALOG_COMPILER_APPICON_NAME = AppIcon;
				INFOPLIST_FILE = OS1/Info.plist;
				LD_RUNPATH_SEARCH_PATHS = "$(inherited) @executable_path/Frameworks";
				PRODUCT_NAME = "$(TARGET_NAME)";
			};
			name = Debug;
		};
		8428968D19E7C9FD00968CCB /* Release */ = {
			isa = XCBuildConfiguration;
			buildSettings = {
				ASSETCATALOG_COMPILER_APPICON_NAME = AppIcon;
				INFOPLIST_FILE = OS1/Info.plist;
				LD_RUNPATH_SEARCH_PATHS = "$(inherited) @executable_path/Frameworks";
				PRODUCT_NAME = "$(TARGET_NAME)";
			};
			name = Release;
		};
		8428968F19E7C9FD00968CCB /* Debug */ = {
			isa = XCBuildConfiguration;
			buildSettings = {
				BUNDLE_LOADER = "$(TEST_HOST)";
				FRAMEWORK_SEARCH_PATHS = (
					"$(SDKROOT)/Developer/Library/Frameworks",
					"$(inherited)",
				);
				GCC_PREPROCESSOR_DEFINITIONS = (
					"DEBUG=1",
					"$(inherited)",
				);
				INFOPLIST_FILE = OS1Tests/Info.plist;
				LD_RUNPATH_SEARCH_PATHS = "$(inherited) @executable_path/Frameworks @loader_path/Frameworks";
				PRODUCT_NAME = "$(TARGET_NAME)";
				TEST_HOST = "$(BUILT_PRODUCTS_DIR)/OS1.app/OS1";
			};
			name = Debug;
		};
		8428969019E7C9FD00968CCB /* Release */ = {
			isa = XCBuildConfiguration;
			buildSettings = {
				BUNDLE_LOADER = "$(TEST_HOST)";
				FRAMEWORK_SEARCH_PATHS = (
					"$(SDKROOT)/Developer/Library/Frameworks",
					"$(inherited)",
				);
				INFOPLIST_FILE = OS1Tests/Info.plist;
				LD_RUNPATH_SEARCH_PATHS = "$(inherited) @executable_path/Frameworks @loader_path/Frameworks";
				PRODUCT_NAME = "$(TARGET_NAME)";
				TEST_HOST = "$(BUILT_PRODUCTS_DIR)/OS1.app/OS1";
			};
			name = Release;
		};
/* End XCBuildConfiguration section */

/* Begin XCConfigurationList section */
		8428966319E7C9FD00968CCB /* Build configuration list for PBXProject "OS1" */ = {
			isa = XCConfigurationList;
			buildConfigurations = (
				8428968919E7C9FD00968CCB /* Debug */,
				8428968A19E7C9FD00968CCB /* Release */,
			);
			defaultConfigurationIsVisible = 0;
			defaultConfigurationName = Release;
		};
		8428968B19E7C9FD00968CCB /* Build configuration list for PBXNativeTarget "OS1" */ = {
			isa = XCConfigurationList;
			buildConfigurations = (
				8428968C19E7C9FD00968CCB /* Debug */,
				8428968D19E7C9FD00968CCB /* Release */,
			);
			defaultConfigurationIsVisible = 0;
		};
		8428968E19E7C9FD00968CCB /* Build configuration list for PBXNativeTarget "OS1Tests" */ = {
			isa = XCConfigurationList;
			buildConfigurations = (
				8428968F19E7C9FD00968CCB /* Debug */,
				8428969019E7C9FD00968CCB /* Release */,
			);
			defaultConfigurationIsVisible = 0;
		};
/* End XCConfigurationList section */
	};
	rootObject = 8428966019E7C9FD00968CCB /* Project object */;
}
